
Microsoft Visual Studio Solution File, Format Version 12.00
# Visual Studio Version 17
VisualStudioVersion = 17.14.36121.58 d17.14
MinimumVisualStudioVersion = 10.0.40219.1
Project("{8BC9CEB8-8B4A-11D0-8D11-00A0C91BC942}") = "BankSystem", "BankSystem.vcxproj", "{BF646BAB-C983-4F0E-BCA5-90AE99E186E0}"
EndProject
Global
	GlobalSection(SolutionConfigurationPlatforms) = preSolution
		Debug|x64 = Debug|x64
		Debug|x86 = Debug|x86
		Release|x64 = Release|x64
		Release|x86 = Release|x86
	EndGlobalSection
	GlobalSection(ProjectConfigurationPlatforms) = postSolution
		{BF646BAB-C983-4F0E-BCA5-90AE99E186E0}.Debug|x64.ActiveCfg = Debug|x64
		{BF646BAB-C983-4F0E-BCA5-90AE99E186E0}.Debug|x64.Build.0 = Debug|x64
		{BF646BAB-C983-4F0E-BCA5-90AE99E186E0}.Debug|x86.ActiveCfg = Debug|Win32
		{BF646BAB-C983-4F0E-BCA5-90AE99E186E0}.Debug|x86.Build.0 = Debug|Win32
		{BF646BAB-C983-4F0E-BCA5-90AE99E186E0}.Release|x64.ActiveCfg = Release|x64
		{BF646BAB-C983-4F0E-BCA5-90AE99E186E0}.Release|x64.Build.0 = Release|x64
		{BF646BAB-C983-4F0E-BCA5-90AE99E186E0}.Release|x86.ActiveCfg = Release|Win32
		{BF646BAB-C983-4F0E-BCA5-90AE99E186E0}.Release|x86.Build.0 = Release|Win32
	EndGlobalSection
	GlobalSection(SolutionProperties) = preSolution
		HideSolutionNode = FALSE
	EndGlobalSection
	GlobalSection(ExtensibilityGlobals) = postSolution
		SolutionGuid = {67CA8D8A-2D6F-45AE-8034-0903C82F7553}
	EndGlobalSection
EndGlobal
